
Microsoft Visual Studio Solution File, Format Version 12.00
# Visual Studio 15
VisualStudioVersion = 15.0.27004.2010
MinimumVisualStudioVersion = 10.0.40219.1
Project("{FAE04EC0-301F-11D3-BF4B-00C04F79EFBC}") = "WebApplication1", "WebApplication1\WebApplication1.csproj", "{97089165-976A-4936-8B79-1A4958B9F19D}"
EndProject
Global
	GlobalSection(SolutionConfigurationPlatforms) = preSolution
		Debug|Any CPU = Debug|Any CPU
		Release|Any CPU = Release|Any CPU
	EndGlobalSection
	GlobalSection(ProjectConfigurationPlatforms) = postSolution
		{97089165-976A-4936-8B79-1A4958B9F19D}.Debug|Any CPU.ActiveCfg = Debug|Any CPU
		{97089165-976A-4936-8B79-1A4958B9F19D}.Debug|Any CPU.Build.0 = Debug|Any CPU
		{97089165-976A-4936-8B79-1A4958B9F19D}.Release|Any CPU.ActiveCfg = Release|Any CPU
		{97089165-976A-4936-8B79-1A4958B9F19D}.Release|Any CPU.Build.0 = Release|Any CPU
	EndGlobalSection
	GlobalSection(SolutionProperties) = preSolution
		HideSolutionNode = FALSE
	EndGlobalSection
	GlobalSection(ExtensibilityGlobals) = postSolution
		SolutionGuid = {2C8EC568-5AD1-4228-BBDA-A3A9F8FA4CAA}
	EndGlobalSection
EndGlobal
